// !$*UTF8*$!
{
	archiveVersion = 1;
	classes = {
	};
	objectVersion = 55;
	objects = {

/* Begin PBXBuildFile section */
		46ACC46D282A9C3300EB7EF7 /* TorchScriptVSCoreMLApp.swift in Sources */ = {isa = PBXBuildFile; fileRef = 46ACC46C282A9C3300EB7EF7 /* TorchScriptVSCoreMLApp.swift */; };
		46ACC46F282A9C3300EB7EF7 /* ContentView.swift in Sources */ = {isa = PBXBuildFile; fileRef = 46ACC46E282A9C3300EB7EF7 /* ContentView.swift */; };
		46ACC471282A9C3700EB7EF7 /* Assets.xcassets in Resources */ = {isa = PBXBuildFile; fileRef = 46ACC470282A9C3700EB7EF7 /* Assets.xcassets */; };
		46ACC474282A9C3700EB7EF7 /* Preview Assets.xcassets in Resources */ = {isa = PBXBuildFile; fileRef = 46ACC473282A9C3700EB7EF7 /* Preview Assets.xcassets */; };
		46ACC47C282A9E3D00EB7EF7 /* ActivationCoreML.swift in Sources */ = {isa = PBXBuildFile; fileRef = 46ACC47A282A9E3D00EB7EF7 /* ActivationCoreML.swift */; };
		46ACC47D282A9E3D00EB7EF7 /* ActivationTorchScript.swift in Sources */ = {isa = PBXBuildFile; fileRef = 46ACC47B282A9E3D00EB7EF7 /* ActivationTorchScript.swift */; };
		46ACC47F282A9E4D00EB7EF7 /* ContentViewModel.swift in Sources */ = {isa = PBXBuildFile; fileRef = 46ACC47E282A9E4D00EB7EF7 /* ContentViewModel.swift */; };
		46ACC488282A9F5700EB7EF7 /* TorchModule.mm in Sources */ = {isa = PBXBuildFile; fileRef = 46ACC487282A9F5700EB7EF7 /* TorchModule.mm */; };
		46ACC49A282C078B00EB7EF7 /* rnn.mlmodel in Sources */ = {isa = PBXBuildFile; fileRef = 46ACC498282C078B00EB7EF7 /* rnn.mlmodel */; };
		46ACC49B282C078B00EB7EF7 /* rnn.pt in Resources */ = {isa = PBXBuildFile; fileRef = 46ACC499282C078B00EB7EF7 /* rnn.pt */; };
		7D3AD5B2634F2A0B61D7BDF5 /* Pods_TorchScriptVSCoreML.framework in Frameworks */ = {isa = PBXBuildFile; fileRef = EB298CEE623ADBEA4345EAB7 /* Pods_TorchScriptVSCoreML.framework */; };
/* End PBXBuildFile section */

/* Begin PBXFileReference section */
		0ADF5D4DF56095A8ED3DA5CB /* Pods-TorchScriptVSCoreML.release.xcconfig */ = {isa = PBXFileReference; includeInIndex = 1; lastKnownFileType = text.xcconfig; name = "Pods-TorchScriptVSCoreML.release.xcconfig"; path = "Target Support Files/Pods-TorchScriptVSCoreML/Pods-TorchScriptVSCoreML.release.xcconfig"; sourceTree = "<group>"; };
		46ACC469282A9C3200EB7EF7 /* TorchScriptVSCoreML.app */ = {isa = PBXFileReference; explicitFileType = wrapper.application; includeInIndex = 0; path = TorchScriptVSCoreML.app; sourceTree = BUILT_PRODUCTS_DIR; };
		46ACC46C282A9C3300EB7EF7 /* TorchScriptVSCoreMLApp.swift */ = {isa = PBXFileReference; lastKnownFileType = sourcecode.swift; path = TorchScriptVSCoreMLApp.swift; sourceTree = "<group>"; };
		46ACC46E282A9C3300EB7EF7 /* ContentView.swift */ = {isa = PBXFileReference; lastKnownFileType = sourcecode.swift; path = ContentView.swift; sourceTree = "<group>"; };
		46ACC470282A9C3700EB7EF7 /* Assets.xcassets */ = {isa = PBXFileReference; lastKnownFileType = folder.assetcatalog; path = Assets.xcassets; sourceTree = "<group>"; };
		46ACC473282A9C3700EB7EF7 /* Preview Assets.xcassets */ = {isa = PBXFileReference; lastKnownFileType = folder.assetcatalog; path = "Preview Assets.xcassets"; sourceTree = "<group>"; };
		46ACC47A282A9E3D00EB7EF7 /* ActivationCoreML.swift */ = {isa = PBXFileReference; fileEncoding = 4; lastKnownFileType = sourcecode.swift; path = ActivationCoreML.swift; sourceTree = "<group>"; };
		46ACC47B282A9E3D00EB7EF7 /* ActivationTorchScript.swift */ = {isa = PBXFileReference; fileEncoding = 4; lastKnownFileType = sourcecode.swift; path = ActivationTorchScript.swift; sourceTree = "<group>"; };
		46ACC47E282A9E4D00EB7EF7 /* ContentViewModel.swift */ = {isa = PBXFileReference; fileEncoding = 4; lastKnownFileType = sourcecode.swift; path = ContentViewModel.swift; sourceTree = "<group>"; };
		46ACC486282A9F5600EB7EF7 /* TorchScriptVSCoreML-Bridging-Header.h */ = {isa = PBXFileReference; lastKnownFileType = sourcecode.c.h; path = "TorchScriptVSCoreML-Bridging-Header.h"; sourceTree = "<group>"; };
		46ACC487282A9F5700EB7EF7 /* TorchModule.mm */ = {isa = PBXFileReference; lastKnownFileType = sourcecode.cpp.objcpp; path = TorchModule.mm; sourceTree = "<group>"; };
		46ACC489282A9F7200EB7EF7 /* TorchModule.h */ = {isa = PBXFileReference; lastKnownFileType = sourcecode.c.h; path = TorchModule.h; sourceTree = "<group>"; };
		46ACC498282C078B00EB7EF7 /* rnn.mlmodel */ = {isa = PBXFileReference; lastKnownFileType = file.mlmodel; path = rnn.mlmodel; sourceTree = "<group>"; };
		46ACC499282C078B00EB7EF7 /* rnn.pt */ = {isa = PBXFileReference; lastKnownFileType = file; path = rnn.pt; sourceTree = "<group>"; };
		B0A77E76D99BBA283D610730 /* Pods-TorchScriptVSCoreML.debug.xcconfig */ = {isa = PBXFileReference; includeInIndex = 1; lastKnownFileType = text.xcconfig; name = "Pods-TorchScriptVSCoreML.debug.xcconfig"; path = "Target Support Files/Pods-TorchScriptVSCoreML/Pods-TorchScriptVSCoreML.debug.xcconfig"; sourceTree = "<group>"; };
		EB298CEE623ADBEA4345EAB7 /* Pods_TorchScriptVSCoreML.framework */ = {isa = PBXFileReference; explicitFileType = wrapper.framework; includeInIndex = 0; path = Pods_TorchScriptVSCoreML.framework; sourceTree = BUILT_PRODUCTS_DIR; };
/* End PBXFileReference section */

/* Begin PBXFrameworksBuildPhase section */
		46ACC466282A9C3200EB7EF7 /* Frameworks */ = {
			isa = PBXFrameworksBuildPhase;
			buildActionMask = 2147483647;
			files = (
				7D3AD5B2634F2A0B61D7BDF5 /* Pods_TorchScriptVSCoreML.framework in Frameworks */,
			);
			runOnlyForDeploymentPostprocessing = 0;
		};
/* End PBXFrameworksBuildPhase section */

/* Begin PBXGroup section */
		46ACC460282A9C3200EB7EF7 = {
			isa = PBXGroup;
			children = (
				46ACC46B282A9C3300EB7EF7 /* TorchScriptVSCoreML */,
				46ACC46A282A9C3200EB7EF7 /* Products */,
				47471D8684CBCB46F4D04A7F /* Pods */,
				6DE888D6368524B564D9695B /* Frameworks */,
			);
			sourceTree = "<group>";
		};
		46ACC46A282A9C3200EB7EF7 /* Products */ = {
			isa = PBXGroup;
			children = (
				46ACC469282A9C3200EB7EF7 /* TorchScriptVSCoreML.app */,
			);
			name = Products;
			sourceTree = "<group>";
		};
		46ACC46B282A9C3300EB7EF7 /* TorchScriptVSCoreML */ = {
			isa = PBXGroup;
			children = (
				46ACC485282A9E9200EB7EF7 /* TorchBridge */,
				46ACC480282A9E7400EB7EF7 /* MLModel */,
				46ACC47A282A9E3D00EB7EF7 /* ActivationCoreML.swift */,
				46ACC47B282A9E3D00EB7EF7 /* ActivationTorchScript.swift */,
				46ACC46C282A9C3300EB7EF7 /* TorchScriptVSCoreMLApp.swift */,
				46ACC46E282A9C3300EB7EF7 /* ContentView.swift */,
				46ACC47E282A9E4D00EB7EF7 /* ContentViewModel.swift */,
				46ACC470282A9C3700EB7EF7 /* Assets.xcassets */,
				46ACC472282A9C3700EB7EF7 /* Preview Content */,
			);
			path = TorchScriptVSCoreML;
			sourceTree = "<group>";
		};
		46ACC472282A9C3700EB7EF7 /* Preview Content */ = {
			isa = PBXGroup;
			children = (
				46ACC473282A9C3700EB7EF7 /* Preview Assets.xcassets */,
			);
			path = "Preview Content";
			sourceTree = "<group>";
		};
		46ACC480282A9E7400EB7EF7 /* MLModel */ = {
			isa = PBXGroup;
			children = (
				46ACC498282C078B00EB7EF7 /* rnn.mlmodel */,
				46ACC499282C078B00EB7EF7 /* rnn.pt */,
			);
			path = MLModel;
			sourceTree = "<group>";
		};
		46ACC485282A9E9200EB7EF7 /* TorchBridge */ = {
			isa = PBXGroup;
			children = (
				46ACC487282A9F5700EB7EF7 /* TorchModule.mm */,
				46ACC489282A9F7200EB7EF7 /* TorchModule.h */,
				46ACC486282A9F5600EB7EF7 /* TorchScriptVSCoreML-Bridging-Header.h */,
			);
			path = TorchBridge;
			sourceTree = "<group>";
		};
		47471D8684CBCB46F4D04A7F /* Pods */ = {
			isa = PBXGroup;
			children = (
				B0A77E76D99BBA283D610730 /* Pods-TorchScriptVSCoreML.debug.xcconfig */,
				0ADF5D4DF56095A8ED3DA5CB /* Pods-TorchScriptVSCoreML.release.xcconfig */,
			);
			path = Pods;
			sourceTree = "<group>";
		};
		6DE888D6368524B564D9695B /* Frameworks */ = {
			isa = PBXGroup;
			children = (
				EB298CEE623ADBEA4345EAB7 /* Pods_TorchScriptVSCoreML.framework */,
			);
			name = Frameworks;
			sourceTree = "<group>";
		};
/* End PBXGroup section */

/* Begin PBXNativeTarget section */
		46ACC468282A9C3200EB7EF7 /* TorchScriptVSCoreML */ = {
			isa = PBXNativeTarget;
			buildConfigurationList = 46ACC477282A9C3700EB7EF7 /* Build configuration list for PBXNativeTarget "TorchScriptVSCoreML" */;
			buildPhases = (
				78844463A094E7E5C7A47CA6 /* [CP] Check Pods Manifest.lock */,
				46ACC465282A9C3200EB7EF7 /* Sources */,
				46ACC466282A9C3200EB7EF7 /* Frameworks */,
				46ACC467282A9C3200EB7EF7 /* Resources */,
			);
			buildRules = (
			);
			dependencies = (
			);
			name = TorchScriptVSCoreML;
			productName = TorchScriptVSCoreML;
			productReference = 46ACC469282A9C3200EB7EF7 /* TorchScriptVSCoreML.app */;
			productType = "com.apple.product-type.application";
		};
/* End PBXNativeTarget section */

/* Begin PBXProject section */
		46ACC461282A9C3200EB7EF7 /* Project object */ = {
			isa = PBXProject;
			attributes = {
				BuildIndependentTargetsInParallel = 1;
				LastSwiftUpdateCheck = 1320;
				LastUpgradeCheck = 1320;
				TargetAttributes = {
					46ACC468282A9C3200EB7EF7 = {
						CreatedOnToolsVersion = 13.2.1;
						LastSwiftMigration = 1320;
					};
				};
			};
			buildConfigurationList = 46ACC464282A9C3200EB7EF7 /* Build configuration list for PBXProject "TorchScriptVSCoreML" */;
			compatibilityVersion = "Xcode 13.0";
			developmentRegion = en;
			hasScannedForEncodings = 0;
			knownRegions = (
				en,
				Base,
			);
			mainGroup = 46ACC460282A9C3200EB7EF7;
			productRefGroup = 46ACC46A282A9C3200EB7EF7 /* Products */;
			projectDirPath = "";
			projectRoot = "";
			targets = (
				46ACC468282A9C3200EB7EF7 /* TorchScriptVSCoreML */,
			);
		};
/* End PBXProject section */

/* Begin PBXResourcesBuildPhase section */
		46ACC467282A9C3200EB7EF7 /* Resources */ = {
			isa = PBXResourcesBuildPhase;
			buildActionMask = 2147483647;
			files = (
				46ACC474282A9C3700EB7EF7 /* Preview Assets.xcassets in Resources */,
				46ACC49B282C078B00EB7EF7 /* rnn.pt in Resources */,
				46ACC471282A9C3700EB7EF7 /* Assets.xcassets in Resources */,
			);
			runOnlyForDeploymentPostprocessing = 0;
		};
/* End PBXResourcesBuildPhase section */

/* Begin PBXShellScriptBuildPhase section */
		78844463A094E7E5C7A47CA6 /* [CP] Check Pods Manifest.lock */ = {
			isa = PBXShellScriptBuildPhase;
			buildActionMask = 2147483647;
			files = (
			);
			inputFileListPaths = (
			);
			inputPaths = (
				"${PODS_PODFILE_DIR_PATH}/Podfile.lock",
				"${PODS_ROOT}/Manifest.lock",
			);
			name = "[CP] Check Pods Manifest.lock";
			outputFileListPaths = (
			);
			outputPaths = (
				"$(DERIVED_FILE_DIR)/Pods-TorchScriptVSCoreML-checkManifestLockResult.txt",
			);
			runOnlyForDeploymentPostprocessing = 0;
			shellPath = /bin/sh;
			shellScript = "diff \"${PODS_PODFILE_DIR_PATH}/Podfile.lock\" \"${PODS_ROOT}/Manifest.lock\" > /dev/null\nif [ $? != 0 ] ; then\n    # print error to STDERR\n    echo \"error: The sandbox is not in sync with the Podfile.lock. Run 'pod install' or update your CocoaPods installation.\" >&2\n    exit 1\nfi\n# This output is used by Xcode 'outputs' to avoid re-running this script phase.\necho \"SUCCESS\" > \"${SCRIPT_OUTPUT_FILE_0}\"\n";
			showEnvVarsInLog = 0;
		};
/* End PBXShellScriptBuildPhase section */

/* Begin PBXSourcesBuildPhase section */
		46ACC465282A9C3200EB7EF7 /* Sources */ = {
			isa = PBXSourcesBuildPhase;
			buildActionMask = 2147483647;
			files = (
				46ACC47C282A9E3D00EB7EF7 /* ActivationCoreML.swift in Sources */,
				46ACC47D282A9E3D00EB7EF7 /* ActivationTorchScript.swift in Sources */,
				46ACC488282A9F5700EB7EF7 /* TorchModule.mm in Sources */,
				46ACC46F282A9C3300EB7EF7 /* ContentView.swift in Sources */,
				46ACC49A282C078B00EB7EF7 /* rnn.mlmodel in Sources */,
				46ACC46D282A9C3300EB7EF7 /* TorchScriptVSCoreMLApp.swift in Sources */,
				46ACC47F282A9E4D00EB7EF7 /* ContentViewModel.swift in Sources */,
			);
			runOnlyForDeploymentPostprocessing = 0;
		};
/* End PBXSourcesBuildPhase section */

/* Begin XCBuildConfiguration section */
		46ACC475282A9C3700EB7EF7 /* Debug */ = {
			isa = XCBuildConfiguration;
			buildSettings = {
				ALWAYS_SEARCH_USER_PATHS = NO;
				CLANG_ANALYZER_NONNULL = YES;
				CLANG_ANALYZER_NUMBER_OBJECT_CONVERSION = YES_AGGRESSIVE;
				CLANG_CXX_LANGUAGE_STANDARD = "gnu++17";
				CLANG_CXX_LIBRARY = "libc++";
				CLANG_ENABLE_MODULES = YES;
				CLANG_ENABLE_OBJC_ARC = YES;
				CLANG_ENABLE_OBJC_WEAK = YES;
				CLANG_WARN_BLOCK_CAPTURE_AUTORELEASING = YES;
				CLANG_WARN_BOOL_CONVERSION = YES;
				CLANG_WARN_COMMA = YES;
				CLANG_WARN_CONSTANT_CONVERSION = YES;
				CLANG_WARN_DEPRECATED_OBJC_IMPLEMENTATIONS = YES;
				CLANG_WARN_DIRECT_OBJC_ISA_USAGE = YES_ERROR;
				CLANG_WARN_DOCUMENTATION_COMMENTS = YES;
				CLANG_WARN_EMPTY_BODY = YES;
				CLANG_WARN_ENUM_CONVERSION = YES;
				CLANG_WARN_INFINITE_RECURSION = YES;
				CLANG_WARN_INT_CONVERSION = YES;
				CLANG_WARN_NON_LITERAL_NULL_CONVERSION = YES;
				CLANG_WARN_OBJC_IMPLICIT_RETAIN_SELF = YES;
				CLANG_WARN_OBJC_LITERAL_CONVERSION = YES;
				CLANG_WARN_OBJC_ROOT_CLASS = YES_ERROR;
				CLANG_WARN_QUOTED_INCLUDE_IN_FRAMEWORK_HEADER = YES;
				CLANG_WARN_RANGE_LOOP_ANALYSIS = YES;
				CLANG_WARN_STRICT_PROTOTYPES = YES;
				CLANG_WARN_SUSPICIOUS_MOVE = YES;
				CLANG_WARN_UNGUARDED_AVAILABILITY = YES_AGGRESSIVE;
				CLANG_WARN_UNREACHABLE_CODE = YES;
				CLANG_WARN__DUPLICATE_METHOD_MATCH = YES;
				COPY_PHASE_STRIP = NO;
				DEBUG_INFORMATION_FORMAT = dwarf;
				ENABLE_BITCODE = NO;
				ENABLE_STRICT_OBJC_MSGSEND = YES;
				ENABLE_TESTABILITY = YES;
				GCC_C_LANGUAGE_STANDARD = gnu11;
				GCC_DYNAMIC_NO_PIC = NO;
				GCC_NO_COMMON_BLOCKS = YES;
				GCC_OPTIMIZATION_LEVEL = 0;
				GCC_PREPROCESSOR_DEFINITIONS = (
					"DEBUG=1",
					"$(inherited)",
				);
				GCC_WARN_64_TO_32_BIT_CONVERSION = YES;
				GCC_WARN_ABOUT_RETURN_TYPE = YES_ERROR;
				GCC_WARN_UNDECLARED_SELECTOR = YES;
				GCC_WARN_UNINITIALIZED_AUTOS = YES_AGGRESSIVE;
				GCC_WARN_UNUSED_FUNCTION = YES;
				GCC_WARN_UNUSED_VARIABLE = YES;
				IPHONEOS_DEPLOYMENT_TARGET = 15.2;
				MTL_ENABLE_DEBUG_INFO = INCLUDE_SOURCE;
				MTL_FAST_MATH = YES;
				ONLY_ACTIVE_ARCH = YES;
				SDKROOT = iphoneos;
				SWIFT_ACTIVE_COMPILATION_CONDITIONS = DEBUG;
				SWIFT_OPTIMIZATION_LEVEL = "-Onone";
			};
			name = Debug;
		};
		46ACC476282A9C3700EB7EF7 /* Release */ = {
			isa = XCBuildConfiguration;
			buildSettings = {
				ALWAYS_SEARCH_USER_PATHS = NO;
				CLANG_ANALYZER_NONNULL = YES;
				CLANG_ANALYZER_NUMBER_OBJECT_CONVERSION = YES_AGGRESSIVE;
				CLANG_CXX_LANGUAGE_STANDARD = "gnu++17";
				CLANG_CXX_LIBRARY = "libc++";
				CLANG_ENABLE_MODULES = YES;
				CLANG_ENABLE_OBJC_ARC = YES;
				CLANG_ENABLE_OBJC_WEAK = YES;
				CLANG_WARN_BLOCK_CAPTURE_AUTORELEASING = YES;
				CLANG_WARN_BOOL_CONVERSION = YES;
				CLANG_WARN_COMMA = YES;
				CLANG_WARN_CONSTANT_CONVERSION = YES;
				CLANG_WARN_DEPRECATED_OBJC_IMPLEMENTATIONS = YES;
				CLANG_WARN_DIRECT_OBJC_ISA_USAGE = YES_ERROR;
				CLANG_WARN_DOCUMENTATION_COMMENTS = YES;
				CLANG_WARN_EMPTY_BODY = YES;
				CLANG_WARN_ENUM_CONVERSION = YES;
				CLANG_WARN_INFINITE_RECURSION = YES;
				CLANG_WARN_INT_CONVERSION = YES;
				CLANG_WARN_NON_LITERAL_NULL_CONVERSION = YES;
				CLANG_WARN_OBJC_IMPLICIT_RETAIN_SELF = YES;
				CLANG_WARN_OBJC_LITERAL_CONVERSION = YES;
				CLANG_WARN_OBJC_ROOT_CLASS = YES_ERROR;
				CLANG_WARN_QUOTED_INCLUDE_IN_FRAMEWORK_HEADER = YES;
				CLANG_WARN_RANGE_LOOP_ANALYSIS = YES;
				CLANG_WARN_STRICT_PROTOTYPES = YES;
				CLANG_WARN_SUSPICIOUS_MOVE = YES;
				CLANG_WARN_UNGUARDED_AVAILABILITY = YES_AGGRESSIVE;
				CLANG_WARN_UNREACHABLE_CODE = YES;
				CLANG_WARN__DUPLICATE_METHOD_MATCH = YES;
				COPY_PHASE_STRIP = NO;
				DEBUG_INFORMATION_FORMAT = "dwarf-with-dsym";
				ENABLE_BITCODE = NO;
				ENABLE_NS_ASSERTIONS = NO;
				ENABLE_STRICT_OBJC_MSGSEND = YES;
				GCC_C_LANGUAGE_STANDARD = gnu11;
				GCC_NO_COMMON_BLOCKS = YES;
				GCC_WARN_64_TO_32_BIT_CONVERSION = YES;
				GCC_WARN_ABOUT_RETURN_TYPE = YES_ERROR;
				GCC_WARN_UNDECLARED_SELECTOR = YES;
				GCC_WARN_UNINITIALIZED_AUTOS = YES_AGGRESSIVE;
				GCC_WARN_UNUSED_FUNCTION = YES;
				GCC_WARN_UNUSED_VARIABLE = YES;
				IPHONEOS_DEPLOYMENT_TARGET = 15.2;
				MTL_ENABLE_DEBUG_INFO = NO;
				MTL_FAST_MATH = YES;
				SDKROOT = iphoneos;
				SWIFT_COMPILATION_MODE = wholemodule;
				SWIFT_OPTIMIZATION_LEVEL = "-O";
				VALIDATE_PRODUCT = YES;
			};
			name = Release;
		};
		46ACC478282A9C3700EB7EF7 /* Debug */ = {
			isa = XCBuildConfiguration;
			baseConfigurationReference = B0A77E76D99BBA283D610730 /* Pods-TorchScriptVSCoreML.debug.xcconfig */;
			buildSettings = {
				ASSETCATALOG_COMPILER_APPICON_NAME = AppIcon;
				ASSETCATALOG_COMPILER_GLOBAL_ACCENT_COLOR_NAME = AccentColor;
				CLANG_ENABLE_MODULES = YES;
				CODE_SIGN_STYLE = Automatic;
				CURRENT_PROJECT_VERSION = 1;
				DEVELOPMENT_ASSET_PATHS = "\"TorchScriptVSCoreML/Preview Content\"";
				DEVELOPMENT_TEAM = 2QADU262ML;
				ENABLE_BITCODE = NO;
				ENABLE_PREVIEWS = YES;
				GENERATE_INFOPLIST_FILE = YES;
				INFOPLIST_KEY_UIApplicationSceneManifest_Generation = YES;
				INFOPLIST_KEY_UIApplicationSupportsIndirectInputEvents = YES;
				INFOPLIST_KEY_UILaunchScreen_Generation = YES;
				INFOPLIST_KEY_UISupportedInterfaceOrientations_iPad = "UIInterfaceOrientationPortrait UIInterfaceOrientationPortraitUpsideDown UIInterfaceOrientationLandscapeLeft UIInterfaceOrientationLandscapeRight";
				INFOPLIST_KEY_UISupportedInterfaceOrientations_iPhone = "UIInterfaceOrientationPortrait UIInterfaceOrientationLandscapeLeft UIInterfaceOrientationLandscapeRight";
				LD_RUNPATH_SEARCH_PATHS = (
					"$(inherited)",
					"@executable_path/Frameworks",
				);
				MARKETING_VERSION = 1.0;
				PRODUCT_BUNDLE_IDENTIFIER = mwm.TorchScriptVSCoreML;
				PRODUCT_NAME = "$(TARGET_NAME)";
				SWIFT_EMIT_LOC_STRINGS = YES;
				SWIFT_OBJC_BRIDGING_HEADER = "TorchScriptVSCoreML/TorchBridge/TorchScriptVSCoreML-Bridging-Header.h";
				SWIFT_OPTIMIZATION_LEVEL = "-Onone";
				SWIFT_VERSION = 5.0;
				TARGETED_DEVICE_FAMILY = "1,2";
			};
			name = Debug;
		};
		46ACC479282A9C3700EB7EF7 /* Release */ = {
			isa = XCBuildConfiguration;
			baseConfigurationReference = 0ADF5D4DF56095A8ED3DA5CB /* Pods-TorchScriptVSCoreML.release.xcconfig */;
			buildSettings = {
				ASSETCATALOG_COMPILER_APPICON_NAME = AppIcon;
				ASSETCATALOG_COMPILER_GLOBAL_ACCENT_COLOR_NAME = AccentColor;
				CLANG_ENABLE_MODULES = YES;
				CODE_SIGN_STYLE = Automatic;
				CURRENT_PROJECT_VERSION = 1;
				DEVELOPMENT_ASSET_PATHS = "\"TorchScriptVSCoreML/Preview Content\"";
				DEVELOPMENT_TEAM = 2QADU262ML;
				ENABLE_BITCODE = NO;
				ENABLE_PREVIEWS = YES;
				GENERATE_INFOPLIST_FILE = YES;
				INFOPLIST_KEY_UIApplicationSceneManifest_Generation = YES;
				INFOPLIST_KEY_UIApplicationSupportsIndirectInputEvents = YES;
				INFOPLIST_KEY_UILaunchScreen_Generation = YES;
				INFOPLIST_KEY_UISupportedInterfaceOrientations_iPad = "UIInterfaceOrientationPortrait UIInterfaceOrientationPortraitUpsideDown UIInterfaceOrientationLandscapeLeft UIInterfaceOrientationLandscapeRight";
				INFOPLIST_KEY_UISupportedInterfaceOrientations_iPhone = "UIInterfaceOrientationPortrait UIInterfaceOrientationLandscapeLeft UIInterfaceOrientationLandscapeRight";
				LD_RUNPATH_SEARCH_PATHS = (
					"$(inherited)",
					"@executable_path/Frameworks",
				);
				MARKETING_VERSION = 1.0;
				PRODUCT_BUNDLE_IDENTIFIER = mwm.TorchScriptVSCoreML;
				PRODUCT_NAME = "$(TARGET_NAME)";
				SWIFT_EMIT_LOC_STRINGS = YES;
				SWIFT_OBJC_BRIDGING_HEADER = "TorchScriptVSCoreML/TorchBridge/TorchScriptVSCoreML-Bridging-Header.h";
				SWIFT_VERSION = 5.0;
				TARGETED_DEVICE_FAMILY = "1,2";
			};
			name = Release;
		};
/* End XCBuildConfiguration section */

/* Begin XCConfigurationList section */
		46ACC464282A9C3200EB7EF7 /* Build configuration list for PBXProject "TorchScriptVSCoreML" */ = {
			isa = XCConfigurationList;
			buildConfigurations = (
				46ACC475282A9C3700EB7EF7 /* Debug */,
				46ACC476282A9C3700EB7EF7 /* Release */,
			);
			defaultConfigurationIsVisible = 0;
			defaultConfigurationName = Release;
		};
		46ACC477282A9C3700EB7EF7 /* Build configuration list for PBXNativeTarget "TorchScriptVSCoreML" */ = {
			isa = XCConfigurationList;
			buildConfigurations = (
				46ACC478282A9C3700EB7EF7 /* Debug */,
				46ACC479282A9C3700EB7EF7 /* Release */,
			);
			defaultConfigurationIsVisible = 0;
			defaultConfigurationName = Release;
		};
/* End XCConfigurationList section */
	};
	rootObject = 46ACC461282A9C3200EB7EF7 /* Project object */;
}
